
Microsoft Visual Studio Solution File, Format Version 12.00
# Visual Studio Version 17
VisualStudioVersion = 17.14.36429.23 d17.14
MinimumVisualStudioVersion = 10.0.40219.1
Project("{FAE04EC0-301F-11D3-BF4B-00C04F79EFBC}") = "WMS1", "WMS1.csproj", "{FDDEC02B-714D-4307-A195-FE55209B9EF8}"
EndProject
Global
	GlobalSection(SolutionConfigurationPlatforms) = preSolution
		Debug|Any CPU = Debug|Any CPU
		Release|Any CPU = Release|Any CPU
	EndGlobalSection
	GlobalSection(ProjectConfigurationPlatforms) = postSolution
		{FDDEC02B-714D-4307-A195-FE55209B9EF8}.Debug|Any CPU.ActiveCfg = Debug|Any CPU
		{FDDEC02B-714D-4307-A195-FE55209B9EF8}.Debug|Any CPU.Build.0 = Debug|Any CPU
		{FDDEC02B-714D-4307-A195-FE55209B9EF8}.Release|Any CPU.ActiveCfg = Release|Any CPU
		{FDDEC02B-714D-4307-A195-FE55209B9EF8}.Release|Any CPU.Build.0 = Release|Any CPU
	EndGlobalSection
	GlobalSection(SolutionProperties) = preSolution
		HideSolutionNode = FALSE
	EndGlobalSection
	GlobalSection(ExtensibilityGlobals) = postSolution
		SolutionGuid = {BA2B2424-8674-411F-88D3-7EAC69444FA1}
	EndGlobalSection
EndGlobal
